// !$*UTF8*$!
{
	archiveVersion = 1;
	classes = {
	};
	objectVersion = 77;
	objects = {

/* Begin PBXContainerItemProxy section */
		4212D6BA2ECDDC79008D0A4B /* PBXContainerItemProxy */ = {
			isa = PBXContainerItemProxy;
			containerPortal = 4212D69F2ECDDC78008D0A4B /* Project object */;
			proxyType = 1;
			remoteGlobalIDString = 4212D6A62ECDDC78008D0A4B;
			remoteInfo = "Finance Tracker";
		};
		4212D6C42ECDDC79008D0A4B /* PBXContainerItemProxy */ = {
			isa = PBXContainerItemProxy;
			containerPortal = 4212D69F2ECDDC78008D0A4B /* Project object */;
			proxyType = 1;
			remoteGlobalIDString = 4212D6A62ECDDC78008D0A4B;
			remoteInfo = "Finance Tracker";
		};
/* End PBXContainerItemProxy section */

/* Begin PBXFileReference section */
		4212D6A72ECDDC78008D0A4B /* Finance Tracker.app */ = {isa = PBXFileReference; explicitFileType = wrapper.application; includeInIndex = 0; path = "Finance Tracker.app"; sourceTree = BUILT_PRODUCTS_DIR; };
		4212D6B92ECDDC79008D0A4B /* Finance TrackerTests.xctest */ = {isa = PBXFileReference; explicitFileType = wrapper.cfbundle; includeInIndex = 0; path = "Finance TrackerTests.xctest"; sourceTree = BUILT_PRODUCTS_DIR; };
		4212D6C32ECDDC79008D0A4B /* Finance TrackerUITests.xctest */ = {isa = PBXFileReference; explicitFileType = wrapper.cfbundle; includeInIndex = 0; path = "Finance TrackerUITests.xctest"; sourceTree = BUILT_PRODUCTS_DIR; };
/* End PBXFileReference section */

/* Begin PBXFileSystemSynchronizedBuildFileExceptionSet section */
		4212D6F62ECDE7A7008D0A4B /* Exceptions for "Utils" folder in "Finance Tracker" target */ = {
			isa = PBXFileSystemSynchronizedBuildFileExceptionSet;
			membershipExceptions = (
				.gitkeep,
			);
			target = 4212D6A62ECDDC78008D0A4B /* Finance Tracker */;
		};
		4212D6F72ECDE7AD008D0A4B /* Exceptions for "Services" folder in "Finance Tracker" target */ = {
			isa = PBXFileSystemSynchronizedBuildFileExceptionSet;
			membershipExceptions = (
				.gitkeep,
			);
			target = 4212D6A62ECDDC78008D0A4B /* Finance Tracker */;
		};
		4212D6F82ECDE7B3008D0A4B /* Exceptions for "ViewModels" folder in "Finance Tracker" target */ = {
			isa = PBXFileSystemSynchronizedBuildFileExceptionSet;
			membershipExceptions = (
				.gitkeep,
			);
			target = 4212D6A62ECDDC78008D0A4B /* Finance Tracker */;
		};
		4212D6F92ECDE7BA008D0A4B /* Exceptions for "Models" folder in "Finance Tracker" target */ = {
			isa = PBXFileSystemSynchronizedBuildFileExceptionSet;
			membershipExceptions = (
				.gitkeep,
			);
			target = 4212D6A62ECDDC78008D0A4B /* Finance Tracker */;
		};
		4212D6FA2ECDE7C1008D0A4B /* Exceptions for "Views" folder in "Finance Tracker" target */ = {
			isa = PBXFileSystemSynchronizedBuildFileExceptionSet;
			membershipExceptions = (
				.gitkeep,
			);
			target = 4212D6A62ECDDC78008D0A4B /* Finance Tracker */;
		};
/* End PBXFileSystemSynchronizedBuildFileExceptionSet section */

/* Begin PBXFileSystemSynchronizedRootGroup section */
		4212D6A92ECDDC78008D0A4B /* Finance Tracker */ = {
			isa = PBXFileSystemSynchronizedRootGroup;
			path = "Finance Tracker";
			sourceTree = "<group>";
		};
		4212D6BC2ECDDC79008D0A4B /* Finance TrackerTests */ = {
			isa = PBXFileSystemSynchronizedRootGroup;
			path = "Finance TrackerTests";
			sourceTree = "<group>";
		};
		4212D6C62ECDDC79008D0A4B /* Finance TrackerUITests */ = {
			isa = PBXFileSystemSynchronizedRootGroup;
			path = "Finance TrackerUITests";
			sourceTree = "<group>";
		};
		4212D6D62ECDE4AA008D0A4B /* Views */ = {
			isa = PBXFileSystemSynchronizedRootGroup;
			exceptions = (
				4212D6FA2ECDE7C1008D0A4B /* Exceptions for "Views" folder in "Finance Tracker" target */,
			);
			path = Views;
			sourceTree = "<group>";
		};
		4212D6D72ECDE4B1008D0A4B /* Models */ = {
			isa = PBXFileSystemSynchronizedRootGroup;
			exceptions = (
				4212D6F92ECDE7BA008D0A4B /* Exceptions for "Models" folder in "Finance Tracker" target */,
			);
			path = Models;
			sourceTree = "<group>";
		};
		4212D6D82ECDE4BA008D0A4B /* ViewModels */ = {
			isa = PBXFileSystemSynchronizedRootGroup;
			exceptions = (
				4212D6F82ECDE7B3008D0A4B /* Exceptions for "ViewModels" folder in "Finance Tracker" target */,
			);
			path = ViewModels;
			sourceTree = "<group>";
		};
		4212D6D92ECDE4CA008D0A4B /* Services */ = {
			isa = PBXFileSystemSynchronizedRootGroup;
			exceptions = (
				4212D6F72ECDE7AD008D0A4B /* Exceptions for "Services" folder in "Finance Tracker" target */,
			);
			path = Services;
			sourceTree = "<group>";
		};
		4212D6DA2ECDE4D2008D0A4B /* Utils */ = {
			isa = PBXFileSystemSynchronizedRootGroup;
			exceptions = (
				4212D6F62ECDE7A7008D0A4B /* Exceptions for "Utils" folder in "Finance Tracker" target */,
			);
			path = Utils;
			sourceTree = "<group>";
		};
/* End PBXFileSystemSynchronizedRootGroup section */

/* Begin PBXFrameworksBuildPhase section */
		4212D6A42ECDDC78008D0A4B /* Frameworks */ = {
			isa = PBXFrameworksBuildPhase;
			buildActionMask = 2147483647;
			files = (
			);
			runOnlyForDeploymentPostprocessing = 0;
		};
		4212D6B62ECDDC79008D0A4B /* Frameworks */ = {
			isa = PBXFrameworksBuildPhase;
			buildActionMask = 2147483647;
			files = (
			);
			runOnlyForDeploymentPostprocessing = 0;
		};
		4212D6C02ECDDC79008D0A4B /* Frameworks */ = {
			isa = PBXFrameworksBuildPhase;
			buildActionMask = 2147483647;
			files = (
			);
			runOnlyForDeploymentPostprocessing = 0;
		};
/* End PBXFrameworksBuildPhase section */

/* Begin PBXGroup section */
		4212D69E2ECDDC78008D0A4B = {
			isa = PBXGroup;
			children = (
				4212D6DA2ECDE4D2008D0A4B /* Utils */,
				4212D6D92ECDE4CA008D0A4B /* Services */,
				4212D6D82ECDE4BA008D0A4B /* ViewModels */,
				4212D6D72ECDE4B1008D0A4B /* Models */,
				4212D6D62ECDE4AA008D0A4B /* Views */,
				4212D6A92ECDDC78008D0A4B /* Finance Tracker */,
				4212D6BC2ECDDC79008D0A4B /* Finance TrackerTests */,
				4212D6C62ECDDC79008D0A4B /* Finance TrackerUITests */,
				4212D6A82ECDDC78008D0A4B /* Products */,
			);
			sourceTree = "<group>";
		};
		4212D6A82ECDDC78008D0A4B /* Products */ = {
			isa = PBXGroup;
			children = (
				4212D6A72ECDDC78008D0A4B /* Finance Tracker.app */,
				4212D6B92ECDDC79008D0A4B /* Finance TrackerTests.xctest */,
				4212D6C32ECDDC79008D0A4B /* Finance TrackerUITests.xctest */,
			);
			name = Products;
			sourceTree = "<group>";
		};
/* End PBXGroup section */

/* Begin PBXNativeTarget section */
		4212D6A62ECDDC78008D0A4B /* Finance Tracker */ = {
			isa = PBXNativeTarget;
			buildConfigurationList = 4212D6CD2ECDDC79008D0A4B /* Build configuration list for PBXNativeTarget "Finance Tracker" */;
			buildPhases = (
				4212D6A32ECDDC78008D0A4B /* Sources */,
				4212D6A42ECDDC78008D0A4B /* Frameworks */,
				4212D6A52ECDDC78008D0A4B /* Resources */,
			);
			buildRules = (
			);
			dependencies = (
			);
			fileSystemSynchronizedGroups = (
				4212D6A92ECDDC78008D0A4B /* Finance Tracker */,
				4212D6D62ECDE4AA008D0A4B /* Views */,
				4212D6D72ECDE4B1008D0A4B /* Models */,
				4212D6D82ECDE4BA008D0A4B /* ViewModels */,
				4212D6D92ECDE4CA008D0A4B /* Services */,
				4212D6DA2ECDE4D2008D0A4B /* Utils */,
			);
			name = "Finance Tracker";
			packageProductDependencies = (
			);
			productName = "Finance Tracker";
			productReference = 4212D6A72ECDDC78008D0A4B /* Finance Tracker.app */;
			productType = "com.apple.product-type.application";
		};
		4212D6B82ECDDC79008D0A4B /* Finance TrackerTests */ = {
			isa = PBXNativeTarget;
			buildConfigurationList = 4212D6D02ECDDC79008D0A4B /* Build configuration list for PBXNativeTarget "Finance TrackerTests" */;
			buildPhases = (
				4212D6B52ECDDC79008D0A4B /* Sources */,
				4212D6B62ECDDC79008D0A4B /* Frameworks */,
				4212D6B72ECDDC79008D0A4B /* Resources */,
			);
			buildRules = (
			);
			dependencies = (
				4212D6BB2ECDDC79008D0A4B /* PBXTargetDependency */,
			);
			fileSystemSynchronizedGroups = (
				4212D6BC2ECDDC79008D0A4B /* Finance TrackerTests */,
			);
			name = "Finance TrackerTests";
			packageProductDependencies = (
			);
			productName = "Finance TrackerTests";
			productReference = 4212D6B92ECDDC79008D0A4B /* Finance TrackerTests.xctest */;
			productType = "com.apple.product-type.bundle.unit-test";
		};
		4212D6C22ECDDC79008D0A4B /* Finance TrackerUITests */ = {
			isa = PBXNativeTarget;
			buildConfigurationList = 4212D6D32ECDDC79008D0A4B /* Build configuration list for PBXNativeTarget "Finance TrackerUITests" */;
			buildPhases = (
				4212D6BF2ECDDC79008D0A4B /* Sources */,
				4212D6C02ECDDC79008D0A4B /* Frameworks */,
				4212D6C12ECDDC79008D0A4B /* Resources */,
			);
			buildRules = (
			);
			dependencies = (
				4212D6C52ECDDC79008D0A4B /* PBXTargetDependency */,
			);
			fileSystemSynchronizedGroups = (
				4212D6C62ECDDC79008D0A4B /* Finance TrackerUITests */,
			);
			name = "Finance TrackerUITests";
			packageProductDependencies = (
			);
			productName = "Finance TrackerUITests";
			productReference = 4212D6C32ECDDC79008D0A4B /* Finance TrackerUITests.xctest */;
			productType = "com.apple.product-type.bundle.ui-testing";
		};
/* End PBXNativeTarget section */

/* Begin PBXProject section */
		4212D69F2ECDDC78008D0A4B /* Project object */ = {
			isa = PBXProject;
			attributes = {
				BuildIndependentTargetsInParallel = 1;
				LastSwiftUpdateCheck = 2600;
				LastUpgradeCheck = 2600;
				TargetAttributes = {
					4212D6A62ECDDC78008D0A4B = {
						CreatedOnToolsVersion = 26.0;
					};
					4212D6B82ECDDC79008D0A4B = {
						CreatedOnToolsVersion = 26.0;
						TestTargetID = 4212D6A62ECDDC78008D0A4B;
					};
					4212D6C22ECDDC79008D0A4B = {
						CreatedOnToolsVersion = 26.0;
						TestTargetID = 4212D6A62ECDDC78008D0A4B;
					};
				};
			};
			buildConfigurationList = 4212D6A22ECDDC78008D0A4B /* Build configuration list for PBXProject "Finance Tracker" */;
			developmentRegion = en;
			hasScannedForEncodings = 0;
			knownRegions = (
				en,
				Base,
			);
			mainGroup = 4212D69E2ECDDC78008D0A4B;
			minimizedProjectReferenceProxies = 1;
			preferredProjectObjectVersion = 77;
			productRefGroup = 4212D6A82ECDDC78008D0A4B /* Products */;
			projectDirPath = "";
			projectRoot = "";
			targets = (
				4212D6A62ECDDC78008D0A4B /* Finance Tracker */,
				4212D6B82ECDDC79008D0A4B /* Finance TrackerTests */,
				4212D6C22ECDDC79008D0A4B /* Finance TrackerUITests */,
			);
		};
/* End PBXProject section */

/* Begin PBXResourcesBuildPhase section */
		4212D6A52ECDDC78008D0A4B /* Resources */ = {
			isa = PBXResourcesBuildPhase;
			buildActionMask = 2147483647;
			files = (
			);
			runOnlyForDeploymentPostprocessing = 0;
		};
		4212D6B72ECDDC79008D0A4B /* Resources */ = {
			isa = PBXResourcesBuildPhase;
			buildActionMask = 2147483647;
			files = (
			);
			runOnlyForDeploymentPostprocessing = 0;
		};
		4212D6C12ECDDC79008D0A4B /* Resources */ = {
			isa = PBXResourcesBuildPhase;
			buildActionMask = 2147483647;
			files = (
			);
			runOnlyForDeploymentPostprocessing = 0;
		};
/* End PBXResourcesBuildPhase section */

/* Begin PBXSourcesBuildPhase section */
		4212D6A32ECDDC78008D0A4B /* Sources */ = {
			isa = PBXSourcesBuildPhase;
			buildActionMask = 2147483647;
			files = (
			);
			runOnlyForDeploymentPostprocessing = 0;
		};
		4212D6B52ECDDC79008D0A4B /* Sources */ = {
			isa = PBXSourcesBuildPhase;
			buildActionMask = 2147483647;
			files = (
			);
			runOnlyForDeploymentPostprocessing = 0;
		};
		4212D6BF2ECDDC79008D0A4B /* Sources */ = {
			isa = PBXSourcesBuildPhase;
			buildActionMask = 2147483647;
			files = (
			);
			runOnlyForDeploymentPostprocessing = 0;
		};
/* End PBXSourcesBuildPhase section */

/* Begin PBXTargetDependency section */
		4212D6BB2ECDDC79008D0A4B /* PBXTargetDependency */ = {
			isa = PBXTargetDependency;
			target = 4212D6A62ECDDC78008D0A4B /* Finance Tracker */;
			targetProxy = 4212D6BA2ECDDC79008D0A4B /* PBXContainerItemProxy */;
		};
		4212D6C52ECDDC79008D0A4B /* PBXTargetDependency */ = {
			isa = PBXTargetDependency;
			target = 4212D6A62ECDDC78008D0A4B /* Finance Tracker */;
			targetProxy = 4212D6C42ECDDC79008D0A4B /* PBXContainerItemProxy */;
		};
/* End PBXTargetDependency section */

/* Begin XCBuildConfiguration section */
		4212D6CB2ECDDC79008D0A4B /* Debug */ = {
			isa = XCBuildConfiguration;
			buildSettings = {
				ALWAYS_SEARCH_USER_PATHS = NO;
				ASSETCATALOG_COMPILER_GENERATE_SWIFT_ASSET_SYMBOL_EXTENSIONS = YES;
				CLANG_ANALYZER_NONNULL = YES;
				CLANG_ANALYZER_NUMBER_OBJECT_CONVERSION = YES_AGGRESSIVE;
				CLANG_CXX_LANGUAGE_STANDARD = "gnu++20";
				CLANG_ENABLE_MODULES = YES;
				CLANG_ENABLE_OBJC_ARC = YES;
				CLANG_ENABLE_OBJC_WEAK = YES;
				CLANG_WARN_BLOCK_CAPTURE_AUTORELEASING = YES;
				CLANG_WARN_BOOL_CONVERSION = YES;
				CLANG_WARN_COMMA = YES;
				CLANG_WARN_CONSTANT_CONVERSION = YES;
				CLANG_WARN_DEPRECATED_OBJC_IMPLEMENTATIONS = YES;
				CLANG_WARN_DIRECT_OBJC_ISA_USAGE = YES_ERROR;
				CLANG_WARN_DOCUMENTATION_COMMENTS = YES;
				CLANG_WARN_EMPTY_BODY = YES;
				CLANG_WARN_ENUM_CONVERSION = YES;
				CLANG_WARN_INFINITE_RECURSION = YES;
				CLANG_WARN_INT_CONVERSION = YES;
				CLANG_WARN_NON_LITERAL_NULL_CONVERSION = YES;
				CLANG_WARN_OBJC_IMPLICIT_RETAIN_SELF = YES;
				CLANG_WARN_OBJC_LITERAL_CONVERSION = YES;
				CLANG_WARN_OBJC_ROOT_CLASS = YES_ERROR;
				CLANG_WARN_QUOTED_INCLUDE_IN_FRAMEWORK_HEADER = YES;
				CLANG_WARN_RANGE_LOOP_ANALYSIS = YES;
				CLANG_WARN_STRICT_PROTOTYPES = YES;
				CLANG_WARN_SUSPICIOUS_MOVE = YES;
				CLANG_WARN_UNGUARDED_AVAILABILITY = YES_AGGRESSIVE;
				CLANG_WARN_UNREACHABLE_CODE = YES;
				CLANG_WARN__DUPLICATE_METHOD_MATCH = YES;
				COPY_PHASE_STRIP = NO;
				DEBUG_INFORMATION_FORMAT = dwarf;
				DEVELOPMENT_TEAM = T68694KW67;
				ENABLE_STRICT_OBJC_MSGSEND = YES;
				ENABLE_TESTABILITY = YES;
				ENABLE_USER_SCRIPT_SANDBOXING = YES;
				GCC_C_LANGUAGE_STANDARD = gnu17;
				GCC_DYNAMIC_NO_PIC = NO;
				GCC_NO_COMMON_BLOCKS = YES;
				GCC_OPTIMIZATION_LEVEL = 0;
				GCC_PREPROCESSOR_DEFINITIONS = (
					"DEBUG=1",
					"$(inherited)",
				);
				GCC_WARN_64_TO_32_BIT_CONVERSION = YES;
				GCC_WARN_ABOUT_RETURN_TYPE = YES_ERROR;
				GCC_WARN_UNDECLARED_SELECTOR = YES;
				GCC_WARN_UNINITIALIZED_AUTOS = YES_AGGRESSIVE;
				GCC_WARN_UNUSED_FUNCTION = YES;
				GCC_WARN_UNUSED_VARIABLE = YES;
				IPHONEOS_DEPLOYMENT_TARGET = 26.0;
				LOCALIZATION_PREFERS_STRING_CATALOGS = YES;
				MTL_ENABLE_DEBUG_INFO = INCLUDE_SOURCE;
				MTL_FAST_MATH = YES;
				ONLY_ACTIVE_ARCH = YES;
				SDKROOT = iphoneos;
				SWIFT_ACTIVE_COMPILATION_CONDITIONS = "DEBUG $(inherited)";
				SWIFT_OPTIMIZATION_LEVEL = "-Onone";
			};
			name = Debug;
		};
		4212D6CC2ECDDC79008D0A4B /* Release */ = {
			isa = XCBuildConfiguration;
			buildSettings = {
				ALWAYS_SEARCH_USER_PATHS = NO;
				ASSETCATALOG_COMPILER_GENERATE_SWIFT_ASSET_SYMBOL_EXTENSIONS = YES;
				CLANG_ANALYZER_NONNULL = YES;
				CLANG_ANALYZER_NUMBER_OBJECT_CONVERSION = YES_AGGRESSIVE;
				CLANG_CXX_LANGUAGE_STANDARD = "gnu++20";
				CLANG_ENABLE_MODULES = YES;
				CLANG_ENABLE_OBJC_ARC = YES;
				CLANG_ENABLE_OBJC_WEAK = YES;
				CLANG_WARN_BLOCK_CAPTURE_AUTORELEASING = YES;
				CLANG_WARN_BOOL_CONVERSION = YES;
				CLANG_WARN_COMMA = YES;
				CLANG_WARN_CONSTANT_CONVERSION = YES;
				CLANG_WARN_DEPRECATED_OBJC_IMPLEMENTATIONS = YES;
				CLANG_WARN_DIRECT_OBJC_ISA_USAGE = YES_ERROR;
				CLANG_WARN_DOCUMENTATION_COMMENTS = YES;
				CLANG_WARN_EMPTY_BODY = YES;
				CLANG_WARN_ENUM_CONVERSION = YES;
				CLANG_WARN_INFINITE_RECURSION = YES;
				CLANG_WARN_INT_CONVERSION = YES;
				CLANG_WARN_NON_LITERAL_NULL_CONVERSION = YES;
				CLANG_WARN_OBJC_IMPLICIT_RETAIN_SELF = YES;
				CLANG_WARN_OBJC_LITERAL_CONVERSION = YES;
				CLANG_WARN_OBJC_ROOT_CLASS = YES_ERROR;
				CLANG_WARN_QUOTED_INCLUDE_IN_FRAMEWORK_HEADER = YES;
				CLANG_WARN_RANGE_LOOP_ANALYSIS = YES;
				CLANG_WARN_STRICT_PROTOTYPES = YES;
				CLANG_WARN_SUSPICIOUS_MOVE = YES;
				CLANG_WARN_UNGUARDED_AVAILABILITY = YES_AGGRESSIVE;
				CLANG_WARN_UNREACHABLE_CODE = YES;
				CLANG_WARN__DUPLICATE_METHOD_MATCH = YES;
				COPY_PHASE_STRIP = NO;
				DEBUG_INFORMATION_FORMAT = "dwarf-with-dsym";
				DEVELOPMENT_TEAM = T68694KW67;
				ENABLE_NS_ASSERTIONS = NO;
				ENABLE_STRICT_OBJC_MSGSEND = YES;
				ENABLE_USER_SCRIPT_SANDBOXING = YES;
				GCC_C_LANGUAGE_STANDARD = gnu17;
				GCC_NO_COMMON_BLOCKS = YES;
				GCC_WARN_64_TO_32_BIT_CONVERSION = YES;
				GCC_WARN_ABOUT_RETURN_TYPE = YES_ERROR;
				GCC_WARN_UNDECLARED_SELECTOR = YES;
				GCC_WARN_UNINITIALIZED_AUTOS = YES_AGGRESSIVE;
				GCC_WARN_UNUSED_FUNCTION = YES;
				GCC_WARN_UNUSED_VARIABLE = YES;
				IPHONEOS_DEPLOYMENT_TARGET = 26.0;
				LOCALIZATION_PREFERS_STRING_CATALOGS = YES;
				MTL_ENABLE_DEBUG_INFO = NO;
				MTL_FAST_MATH = YES;
				SDKROOT = iphoneos;
				SWIFT_COMPILATION_MODE = wholemodule;
				VALIDATE_PRODUCT = YES;
			};
			name = Release;
		};
		4212D6CE2ECDDC79008D0A4B /* Debug */ = {
			isa = XCBuildConfiguration;
			buildSettings = {
				ASSETCATALOG_COMPILER_APPICON_NAME = AppIcon;
				ASSETCATALOG_COMPILER_GLOBAL_ACCENT_COLOR_NAME = AccentColor;
				CODE_SIGN_STYLE = Automatic;
				CURRENT_PROJECT_VERSION = 1;
				DEVELOPMENT_TEAM = T68694KW67;
				ENABLE_PREVIEWS = YES;
				GENERATE_INFOPLIST_FILE = YES;
				INFOPLIST_KEY_UIApplicationSceneManifest_Generation = YES;
				INFOPLIST_KEY_UIApplicationSupportsIndirectInputEvents = YES;
				INFOPLIST_KEY_UILaunchScreen_Generation = YES;
				INFOPLIST_KEY_UISupportedInterfaceOrientations_iPad = "UIInterfaceOrientationPortrait UIInterfaceOrientationPortraitUpsideDown UIInterfaceOrientationLandscapeLeft UIInterfaceOrientationLandscapeRight";
				INFOPLIST_KEY_UISupportedInterfaceOrientations_iPhone = "UIInterfaceOrientationPortrait UIInterfaceOrientationLandscapeLeft UIInterfaceOrientationLandscapeRight";
				LD_RUNPATH_SEARCH_PATHS = (
					"$(inherited)",
					"@executable_path/Frameworks",
				);
				MARKETING_VERSION = 1.0;
				PRODUCT_BUNDLE_IDENTIFIER = "com.osamaMM.Finance-Tracker";
				PRODUCT_NAME = "$(TARGET_NAME)";
				STRING_CATALOG_GENERATE_SYMBOLS = YES;
				SWIFT_APPROACHABLE_CONCURRENCY = YES;
				SWIFT_DEFAULT_ACTOR_ISOLATION = MainActor;
				SWIFT_EMIT_LOC_STRINGS = YES;
				SWIFT_UPCOMING_FEATURE_MEMBER_IMPORT_VISIBILITY = YES;
				SWIFT_VERSION = 5.0;
				TARGETED_DEVICE_FAMILY = "1,2";
			};
			name = Debug;
		};
		4212D6CF2ECDDC79008D0A4B /* Release */ = {
			isa = XCBuildConfiguration;
			buildSettings = {
				ASSETCATALOG_COMPILER_APPICON_NAME = AppIcon;
				ASSETCATALOG_COMPILER_GLOBAL_ACCENT_COLOR_NAME = AccentColor;
				CODE_SIGN_STYLE = Automatic;
				CURRENT_PROJECT_VERSION = 1;
				DEVELOPMENT_TEAM = T68694KW67;
				ENABLE_PREVIEWS = YES;
				GENERATE_INFOPLIST_FILE = YES;
				INFOPLIST_KEY_UIApplicationSceneManifest_Generation = YES;
				INFOPLIST_KEY_UIApplicationSupportsIndirectInputEvents = YES;
				INFOPLIST_KEY_UILaunchScreen_Generation = YES;
				INFOPLIST_KEY_UISupportedInterfaceOrientations_iPad = "UIInterfaceOrientationPortrait UIInterfaceOrientationPortraitUpsideDown UIInterfaceOrientationLandscapeLeft UIInterfaceOrientationLandscapeRight";
				INFOPLIST_KEY_UISupportedInterfaceOrientations_iPhone = "UIInterfaceOrientationPortrait UIInterfaceOrientationLandscapeLeft UIInterfaceOrientationLandscapeRight";
				LD_RUNPATH_SEARCH_PATHS = (
					"$(inherited)",
					"@executable_path/Frameworks",
				);
				MARKETING_VERSION = 1.0;
				PRODUCT_BUNDLE_IDENTIFIER = "com.osamaMM.Finance-Tracker";
				PRODUCT_NAME = "$(TARGET_NAME)";
				STRING_CATALOG_GENERATE_SYMBOLS = YES;
				SWIFT_APPROACHABLE_CONCURRENCY = YES;
				SWIFT_DEFAULT_ACTOR_ISOLATION = MainActor;
				SWIFT_EMIT_LOC_STRINGS = YES;
				SWIFT_UPCOMING_FEATURE_MEMBER_IMPORT_VISIBILITY = YES;
				SWIFT_VERSION = 5.0;
				TARGETED_DEVICE_FAMILY = "1,2";
			};
			name = Release;
		};
		4212D6D12ECDDC79008D0A4B /* Debug */ = {
			isa = XCBuildConfiguration;
			buildSettings = {
				BUNDLE_LOADER = "$(TEST_HOST)";
				CODE_SIGN_STYLE = Automatic;
				CURRENT_PROJECT_VERSION = 1;
				DEVELOPMENT_TEAM = T68694KW67;
				GENERATE_INFOPLIST_FILE = YES;
				IPHONEOS_DEPLOYMENT_TARGET = 26.0;
				MARKETING_VERSION = 1.0;
				PRODUCT_BUNDLE_IDENTIFIER = "com.osamaMM.Finance-TrackerTests";
				PRODUCT_NAME = "$(TARGET_NAME)";
				STRING_CATALOG_GENERATE_SYMBOLS = NO;
				SWIFT_APPROACHABLE_CONCURRENCY = YES;
				SWIFT_EMIT_LOC_STRINGS = NO;
				SWIFT_UPCOMING_FEATURE_MEMBER_IMPORT_VISIBILITY = YES;
				SWIFT_VERSION = 5.0;
				TARGETED_DEVICE_FAMILY = "1,2";
				TEST_HOST = "$(BUILT_PRODUCTS_DIR)/Finance Tracker.app/$(BUNDLE_EXECUTABLE_FOLDER_PATH)/Finance Tracker";
			};
			name = Debug;
		};
		4212D6D22ECDDC79008D0A4B /* Release */ = {
			isa = XCBuildConfiguration;
			buildSettings = {
				BUNDLE_LOADER = "$(TEST_HOST)";
				CODE_SIGN_STYLE = Automatic;
				CURRENT_PROJECT_VERSION = 1;
				DEVELOPMENT_TEAM = T68694KW67;
				GENERATE_INFOPLIST_FILE = YES;
				IPHONEOS_DEPLOYMENT_TARGET = 26.0;
				MARKETING_VERSION = 1.0;
				PRODUCT_BUNDLE_IDENTIFIER = "com.osamaMM.Finance-TrackerTests";
				PRODUCT_NAME = "$(TARGET_NAME)";
				STRING_CATALOG_GENERATE_SYMBOLS = NO;
				SWIFT_APPROACHABLE_CONCURRENCY = YES;
				SWIFT_EMIT_LOC_STRINGS = NO;
				SWIFT_UPCOMING_FEATURE_MEMBER_IMPORT_VISIBILITY = YES;
				SWIFT_VERSION = 5.0;
				TARGETED_DEVICE_FAMILY = "1,2";
				TEST_HOST = "$(BUILT_PRODUCTS_DIR)/Finance Tracker.app/$(BUNDLE_EXECUTABLE_FOLDER_PATH)/Finance Tracker";
			};
			name = Release;
		};
		4212D6D42ECDDC79008D0A4B /* Debug */ = {
			isa = XCBuildConfiguration;
			buildSettings = {
				CODE_SIGN_STYLE = Automatic;
				CURRENT_PROJECT_VERSION = 1;
				DEVELOPMENT_TEAM = T68694KW67;
				GENERATE_INFOPLIST_FILE = YES;
				MARKETING_VERSION = 1.0;
				PRODUCT_BUNDLE_IDENTIFIER = "com.osamaMM.Finance-TrackerUITests";
				PRODUCT_NAME = "$(TARGET_NAME)";
				STRING_CATALOG_GENERATE_SYMBOLS = NO;
				SWIFT_APPROACHABLE_CONCURRENCY = YES;
				SWIFT_EMIT_LOC_STRINGS = NO;
				SWIFT_UPCOMING_FEATURE_MEMBER_IMPORT_VISIBILITY = YES;
				SWIFT_VERSION = 5.0;
				TARGETED_DEVICE_FAMILY = "1,2";
				TEST_TARGET_NAME = "Finance Tracker";
			};
			name = Debug;
		};
		4212D6D52ECDDC79008D0A4B /* Release */ = {
			isa = XCBuildConfiguration;
			buildSettings = {
				CODE_SIGN_STYLE = Automatic;
				CURRENT_PROJECT_VERSION = 1;
				DEVELOPMENT_TEAM = T68694KW67;
				GENERATE_INFOPLIST_FILE = YES;
				MARKETING_VERSION = 1.0;
				PRODUCT_BUNDLE_IDENTIFIER = "com.osamaMM.Finance-TrackerUITests";
				PRODUCT_NAME = "$(TARGET_NAME)";
				STRING_CATALOG_GENERATE_SYMBOLS = NO;
				SWIFT_APPROACHABLE_CONCURRENCY = YES;
				SWIFT_EMIT_LOC_STRINGS = NO;
				SWIFT_UPCOMING_FEATURE_MEMBER_IMPORT_VISIBILITY = YES;
				SWIFT_VERSION = 5.0;
				TARGETED_DEVICE_FAMILY = "1,2";
				TEST_TARGET_NAME = "Finance Tracker";
			};
			name = Release;
		};
/* End XCBuildConfiguration section */

/* Begin XCConfigurationList section */
		4212D6A22ECDDC78008D0A4B /* Build configuration list for PBXProject "Finance Tracker" */ = {
			isa = XCConfigurationList;
			buildConfigurations = (
				4212D6CB2ECDDC79008D0A4B /* Debug */,
				4212D6CC2ECDDC79008D0A4B /* Release */,
			);
			defaultConfigurationIsVisible = 0;
			defaultConfigurationName = Release;
		};
		4212D6CD2ECDDC79008D0A4B /* Build configuration list for PBXNativeTarget "Finance Tracker" */ = {
			isa = XCConfigurationList;
			buildConfigurations = (
				4212D6CE2ECDDC79008D0A4B /* Debug */,
				4212D6CF2ECDDC79008D0A4B /* Release */,
			);
			defaultConfigurationIsVisible = 0;
			defaultConfigurationName = Release;
		};
		4212D6D02ECDDC79008D0A4B /* Build configuration list for PBXNativeTarget "Finance TrackerTests" */ = {
			isa = XCConfigurationList;
			buildConfigurations = (
				4212D6D12ECDDC79008D0A4B /* Debug */,
				4212D6D22ECDDC79008D0A4B /* Release */,
			);
			defaultConfigurationIsVisible = 0;
			defaultConfigurationName = Release;
		};
		4212D6D32ECDDC79008D0A4B /* Build configuration list for PBXNativeTarget "Finance TrackerUITests" */ = {
			isa = XCConfigurationList;
			buildConfigurations = (
				4212D6D42ECDDC79008D0A4B /* Debug */,
				4212D6D52ECDDC79008D0A4B /* Release */,
			);
			defaultConfigurationIsVisible = 0;
			defaultConfigurationName = Release;
		};
/* End XCConfigurationList section */
	};
	rootObject = 4212D69F2ECDDC78008D0A4B /* Project object */;
}
